{
	"name": "example",
	"version": "1.1.0",
	"lockfileVersion": 3,
	"requires": true,
	"packages": {
		"": {
			"name": "example",
			"version": "1.1.0",
			"license": "ISC",
			"dependencies": {
				"@cognigy/extension-tools": "^0.16.5-rc5"
			},
			"devDependencies": {
				"@biomejs/biome": "^2.2.4",
				"@types/node": "^22.18.5",
				"typescript": "^5.9.2"
			}
		},
		"node_modules/@biomejs/biome": {
			"version": "2.2.4",
			"resolved": "https://registry.npmjs.org/@biomejs/biome/-/biome-2.2.4.tgz",
			"integrity": "sha512-TBHU5bUy/Ok6m8c0y3pZiuO/BZoY/OcGxoLlrfQof5s8ISVwbVBdFINPQZyFfKwil8XibYWb7JMwnT8wT4WVPg==",
			"dev": true,
			"license": "MIT OR Apache-2.0",
			"bin": {
				"biome": "bin/biome"
			},
			"engines": {
				"node": ">=14.21.3"
			},
			"funding": {
				"type": "opencollective",
				"url": "https://opencollective.com/biome"
			},
			"optionalDependencies": {
				"@biomejs/cli-darwin-arm64": "2.2.4",
				"@biomejs/cli-darwin-x64": "2.2.4",
				"@biomejs/cli-linux-arm64": "2.2.4",
				"@biomejs/cli-linux-arm64-musl": "2.2.4",
				"@biomejs/cli-linux-x64": "2.2.4",
				"@biomejs/cli-linux-x64-musl": "2.2.4",
				"@biomejs/cli-win32-arm64": "2.2.4",
				"@biomejs/cli-win32-x64": "2.2.4"
			}
		},
		"node_modules/@biomejs/cli-darwin-arm64": {
			"version": "2.2.4",
			"resolved": "https://registry.npmjs.org/@biomejs/cli-darwin-arm64/-/cli-darwin-arm64-2.2.4.tgz",
			"integrity": "sha512-RJe2uiyaloN4hne4d2+qVj3d3gFJFbmrr5PYtkkjei1O9c+BjGXgpUPVbi8Pl8syumhzJjFsSIYkcLt2VlVLMA==",
			"cpu": [
				"arm64"
			],
			"dev": true,
			"license": "MIT OR Apache-2.0",
			"optional": true,
			"os": [
				"darwin"
			],
			"engines": {
				"node": ">=14.21.3"
			}
		},
		"node_modules/@biomejs/cli-darwin-x64": {
			"version": "2.2.4",
			"resolved": "https://registry.npmjs.org/@biomejs/cli-darwin-x64/-/cli-darwin-x64-2.2.4.tgz",
			"integrity": "sha512-cFsdB4ePanVWfTnPVaUX+yr8qV8ifxjBKMkZwN7gKb20qXPxd/PmwqUH8mY5wnM9+U0QwM76CxFyBRJhC9tQwg==",
			"cpu": [
				"x64"
			],
			"dev": true,
			"license": "MIT OR Apache-2.0",
			"optional": true,
			"os": [
				"darwin"
			],
			"engines": {
				"node": ">=14.21.3"
			}
		},
		"node_modules/@biomejs/cli-linux-arm64": {
			"version": "2.2.4",
			"resolved": "https://registry.npmjs.org/@biomejs/cli-linux-arm64/-/cli-linux-arm64-2.2.4.tgz",
			"integrity": "sha512-M/Iz48p4NAzMXOuH+tsn5BvG/Jb07KOMTdSVwJpicmhN309BeEyRyQX+n1XDF0JVSlu28+hiTQ2L4rZPvu7nMw==",
			"cpu": [
				"arm64"
			],
			"dev": true,
			"license": "MIT OR Apache-2.0",
			"optional": true,
			"os": [
				"linux"
			],
			"engines": {
				"node": ">=14.21.3"
			}
		},
		"node_modules/@biomejs/cli-linux-arm64-musl": {
			"version": "2.2.4",
			"resolved": "https://registry.npmjs.org/@biomejs/cli-linux-arm64-musl/-/cli-linux-arm64-musl-2.2.4.tgz",
			"integrity": "sha512-7TNPkMQEWfjvJDaZRSkDCPT/2r5ESFPKx+TEev+I2BXDGIjfCZk2+b88FOhnJNHtksbOZv8ZWnxrA5gyTYhSsQ==",
			"cpu": [
				"arm64"
			],
			"dev": true,
			"license": "MIT OR Apache-2.0",
			"optional": true,
			"os": [
				"linux"
			],
			"engines": {
				"node": ">=14.21.3"
			}
		},
		"node_modules/@biomejs/cli-linux-x64": {
			"version": "2.2.4",
			"resolved": "https://registry.npmjs.org/@biomejs/cli-linux-x64/-/cli-linux-x64-2.2.4.tgz",
			"integrity": "sha512-orr3nnf2Dpb2ssl6aihQtvcKtLySLta4E2UcXdp7+RTa7mfJjBgIsbS0B9GC8gVu0hjOu021aU8b3/I1tn+pVQ==",
			"cpu": [
				"x64"
			],
			"dev": true,
			"license": "MIT OR Apache-2.0",
			"optional": true,
			"os": [
				"linux"
			],
			"engines": {
				"node": ">=14.21.3"
			}
		},
		"node_modules/@biomejs/cli-linux-x64-musl": {
			"version": "2.2.4",
			"resolved": "https://registry.npmjs.org/@biomejs/cli-linux-x64-musl/-/cli-linux-x64-musl-2.2.4.tgz",
			"integrity": "sha512-m41nFDS0ksXK2gwXL6W6yZTYPMH0LughqbsxInSKetoH6morVj43szqKx79Iudkp8WRT5SxSh7qVb8KCUiewGg==",
			"cpu": [
				"x64"
			],
			"dev": true,
			"license": "MIT OR Apache-2.0",
			"optional": true,
			"os": [
				"linux"
			],
			"engines": {
				"node": ">=14.21.3"
			}
		},
		"node_modules/@biomejs/cli-win32-arm64": {
			"version": "2.2.4",
			"resolved": "https://registry.npmjs.org/@biomejs/cli-win32-arm64/-/cli-win32-arm64-2.2.4.tgz",
			"integrity": "sha512-NXnfTeKHDFUWfxAefa57DiGmu9VyKi0cDqFpdI+1hJWQjGJhJutHPX0b5m+eXvTKOaf+brU+P0JrQAZMb5yYaQ==",
			"cpu": [
				"arm64"
			],
			"dev": true,
			"license": "MIT OR Apache-2.0",
			"optional": true,
			"os": [
				"win32"
			],
			"engines": {
				"node": ">=14.21.3"
			}
		},
		"node_modules/@biomejs/cli-win32-x64": {
			"version": "2.2.4",
			"resolved": "https://registry.npmjs.org/@biomejs/cli-win32-x64/-/cli-win32-x64-2.2.4.tgz",
			"integrity": "sha512-3Y4V4zVRarVh/B/eSHczR4LYoSVyv3Dfuvm3cWs5w/HScccS0+Wt/lHOcDTRYeHjQmMYVC3rIRWqyN2EI52+zg==",
			"cpu": [
				"x64"
			],
			"dev": true,
			"license": "MIT OR Apache-2.0",
			"optional": true,
			"os": [
				"win32"
			],
			"engines": {
				"node": ">=14.21.3"
			}
		},
		"node_modules/@cognigy/extension-tools": {
			"version": "0.16.5-rc5",
			"resolved": "https://registry.npmjs.org/@cognigy/extension-tools/-/extension-tools-0.16.5-rc5.tgz",
			"integrity": "sha512-u09ImAJKhJ/zKzWlV8Ij3sRGlhvVw/hZ8Jc5uDLos7Pt0+snmX+voETdkE8is+c5GpoZhU6eUhTSidHpmG5wDQ==",
			"license": "SEE LICENSE IN LICENSE"
		},
		"node_modules/@types/node": {
			"version": "22.18.5",
			"resolved": "https://registry.npmjs.org/@types/node/-/node-22.18.5.tgz",
			"integrity": "sha512-g9BpPfJvxYBXUWI9bV37j6d6LTMNQ88hPwdWWUeYZnMhlo66FIg9gCc1/DZb15QylJSKwOZjwrckvOTWpOiChg==",
			"dev": true,
			"license": "MIT",
			"dependencies": {
				"undici-types": "~6.21.0"
			}
		},
		"node_modules/typescript": {
			"version": "5.9.2",
			"resolved": "https://registry.npmjs.org/typescript/-/typescript-5.9.2.tgz",
			"integrity": "sha512-CWBzXQrc/qOkhidw1OzBTQuYRbfyxDXJMVJ1XNwUHGROVmuaeiEm3OslpZ1RV96d7SKKjZKrSJu3+t/xlw3R9A==",
			"dev": true,
			"license": "Apache-2.0",
			"bin": {
				"tsc": "bin/tsc",
				"tsserver": "bin/tsserver"
			},
			"engines": {
				"node": ">=14.17"
			}
		},
		"node_modules/undici-types": {
			"version": "6.21.0",
			"resolved": "https://registry.npmjs.org/undici-types/-/undici-types-6.21.0.tgz",
			"integrity": "sha512-iwDZqg0QAGrg9Rav5H4n0M64c3mkR59cJ6wQp+7C4nI0gsmExaedaYLNO44eT4AtBBwjbTiGPMlt2Md0T9H9JQ==",
			"dev": true,
			"license": "MIT"
		}
	}
}
