{
  "name": "audiocodes",
  "version": "4.0.0",
  "lockfileVersion": 1,
  "requires": true,
  "dependencies": {
    "@cognigy/extension-tools": {
      "version": "0.9.0",
      "resolved": "https://registry.npmjs.org/@cognigy/extension-tools/-/extension-tools-0.9.0.tgz",
      "integrity": "sha512-46Bmr+aao/TcaF+nyU/GWfW5NBSU/YdeJSfUOH8keFGyIn+r1U5qMsMnvP6MbKIviLXtf47XIG248kzegcBJuQ=="
    },
    "@types/node": {
      "version": "13.13.12",
      "resolved": "https://registry.npmjs.org/@types/node/-/node-13.13.12.tgz",
      "integrity": "sha512-zWz/8NEPxoXNT9YyF2osqyA9WjssZukYpgI4UYZpOjcyqwIUqWGkcCionaEb9Ki+FULyPyvNFpg/329Kd2/pbw==",
      "dev": true
    },
    "typescript": {
      "version": "3.9.5",
      "resolved": "https://registry.npmjs.org/typescript/-/typescript-3.9.5.tgz",
      "integrity": "sha512-hSAifV3k+i6lEoCJ2k6R2Z/rp/H3+8sdmcn5NrS3/3kE7+RyZXm9aqvxWqjEXHAd8b0pShatpcdMTvEdvAJltQ==",
      "dev": true
    }
  }
}
