{
    "name": "confluence",
    "version": "5.0.0",
    "lockfileVersion": 3,
    "requires": true,
    "packages": {
        "": {
            "name": "confluence",
            "version": "5.0.0",
            "license": "MIT",
            "dependencies": {
                "@cognigy/extension-tools": "0.16.5-rc5",
                "@langchain/textsplitters": "^0.0.3",
                "turndown": "^7.1.2"
            },
            "devDependencies": {
                "@biomejs/biome": "2.2.4",
                "@types/node": "^24.2.0",
                "@types/turndown": "^5.0.1",
                "typescript": "5.9.2"
            }
        },
        "node_modules/@biomejs/biome": {
            "version": "2.2.4",
            "resolved": "https://registry.npmjs.org/@biomejs/biome/-/biome-2.2.4.tgz",
            "integrity": "sha512-TBHU5bUy/Ok6m8c0y3pZiuO/BZoY/OcGxoLlrfQof5s8ISVwbVBdFINPQZyFfKwil8XibYWb7JMwnT8wT4WVPg==",
            "dev": true,
            "license": "MIT OR Apache-2.0",
            "bin": {
                "biome": "bin/biome"
            },
            "engines": {
                "node": ">=14.21.3"
            },
            "funding": {
                "type": "opencollective",
                "url": "https://opencollective.com/biome"
            },
            "optionalDependencies": {
                "@biomejs/cli-darwin-arm64": "2.2.4",
                "@biomejs/cli-darwin-x64": "2.2.4",
                "@biomejs/cli-linux-arm64": "2.2.4",
                "@biomejs/cli-linux-arm64-musl": "2.2.4",
                "@biomejs/cli-linux-x64": "2.2.4",
                "@biomejs/cli-linux-x64-musl": "2.2.4",
                "@biomejs/cli-win32-arm64": "2.2.4",
                "@biomejs/cli-win32-x64": "2.2.4"
            }
        },
        "node_modules/@biomejs/cli-darwin-arm64": {
            "version": "2.2.4",
            "resolved": "https://registry.npmjs.org/@biomejs/cli-darwin-arm64/-/cli-darwin-arm64-2.2.4.tgz",
            "integrity": "sha512-RJe2uiyaloN4hne4d2+qVj3d3gFJFbmrr5PYtkkjei1O9c+BjGXgpUPVbi8Pl8syumhzJjFsSIYkcLt2VlVLMA==",
            "cpu": [
                "arm64"
            ],
            "dev": true,
            "license": "MIT OR Apache-2.0",
            "optional": true,
            "os": [
                "darwin"
            ],
            "engines": {
                "node": ">=14.21.3"
            }
        },
        "node_modules/@biomejs/cli-darwin-x64": {
            "version": "2.2.4",
            "resolved": "https://registry.npmjs.org/@biomejs/cli-darwin-x64/-/cli-darwin-x64-2.2.4.tgz",
            "integrity": "sha512-cFsdB4ePanVWfTnPVaUX+yr8qV8ifxjBKMkZwN7gKb20qXPxd/PmwqUH8mY5wnM9+U0QwM76CxFyBRJhC9tQwg==",
            "cpu": [
                "x64"
            ],
            "dev": true,
            "license": "MIT OR Apache-2.0",
            "optional": true,
            "os": [
                "darwin"
            ],
            "engines": {
                "node": ">=14.21.3"
            }
        },
        "node_modules/@biomejs/cli-linux-arm64": {
            "version": "2.2.4",
            "resolved": "https://registry.npmjs.org/@biomejs/cli-linux-arm64/-/cli-linux-arm64-2.2.4.tgz",
            "integrity": "sha512-M/Iz48p4NAzMXOuH+tsn5BvG/Jb07KOMTdSVwJpicmhN309BeEyRyQX+n1XDF0JVSlu28+hiTQ2L4rZPvu7nMw==",
            "cpu": [
                "arm64"
            ],
            "dev": true,
            "license": "MIT OR Apache-2.0",
            "optional": true,
            "os": [
                "linux"
            ],
            "engines": {
                "node": ">=14.21.3"
            }
        },
        "node_modules/@biomejs/cli-linux-arm64-musl": {
            "version": "2.2.4",
            "resolved": "https://registry.npmjs.org/@biomejs/cli-linux-arm64-musl/-/cli-linux-arm64-musl-2.2.4.tgz",
            "integrity": "sha512-7TNPkMQEWfjvJDaZRSkDCPT/2r5ESFPKx+TEev+I2BXDGIjfCZk2+b88FOhnJNHtksbOZv8ZWnxrA5gyTYhSsQ==",
            "cpu": [
                "arm64"
            ],
            "dev": true,
            "license": "MIT OR Apache-2.0",
            "optional": true,
            "os": [
                "linux"
            ],
            "engines": {
                "node": ">=14.21.3"
            }
        },
        "node_modules/@biomejs/cli-linux-x64": {
            "version": "2.2.4",
            "resolved": "https://registry.npmjs.org/@biomejs/cli-linux-x64/-/cli-linux-x64-2.2.4.tgz",
            "integrity": "sha512-orr3nnf2Dpb2ssl6aihQtvcKtLySLta4E2UcXdp7+RTa7mfJjBgIsbS0B9GC8gVu0hjOu021aU8b3/I1tn+pVQ==",
            "cpu": [
                "x64"
            ],
            "dev": true,
            "license": "MIT OR Apache-2.0",
            "optional": true,
            "os": [
                "linux"
            ],
            "engines": {
                "node": ">=14.21.3"
            }
        },
        "node_modules/@biomejs/cli-linux-x64-musl": {
            "version": "2.2.4",
            "resolved": "https://registry.npmjs.org/@biomejs/cli-linux-x64-musl/-/cli-linux-x64-musl-2.2.4.tgz",
            "integrity": "sha512-m41nFDS0ksXK2gwXL6W6yZTYPMH0LughqbsxInSKetoH6morVj43szqKx79Iudkp8WRT5SxSh7qVb8KCUiewGg==",
            "cpu": [
                "x64"
            ],
            "dev": true,
            "license": "MIT OR Apache-2.0",
            "optional": true,
            "os": [
                "linux"
            ],
            "engines": {
                "node": ">=14.21.3"
            }
        },
        "node_modules/@biomejs/cli-win32-arm64": {
            "version": "2.2.4",
            "resolved": "https://registry.npmjs.org/@biomejs/cli-win32-arm64/-/cli-win32-arm64-2.2.4.tgz",
            "integrity": "sha512-NXnfTeKHDFUWfxAefa57DiGmu9VyKi0cDqFpdI+1hJWQjGJhJutHPX0b5m+eXvTKOaf+brU+P0JrQAZMb5yYaQ==",
            "cpu": [
                "arm64"
            ],
            "dev": true,
            "license": "MIT OR Apache-2.0",
            "optional": true,
            "os": [
                "win32"
            ],
            "engines": {
                "node": ">=14.21.3"
            }
        },
        "node_modules/@biomejs/cli-win32-x64": {
            "version": "2.2.4",
            "resolved": "https://registry.npmjs.org/@biomejs/cli-win32-x64/-/cli-win32-x64-2.2.4.tgz",
            "integrity": "sha512-3Y4V4zVRarVh/B/eSHczR4LYoSVyv3Dfuvm3cWs5w/HScccS0+Wt/lHOcDTRYeHjQmMYVC3rIRWqyN2EI52+zg==",
            "cpu": [
                "x64"
            ],
            "dev": true,
            "license": "MIT OR Apache-2.0",
            "optional": true,
            "os": [
                "win32"
            ],
            "engines": {
                "node": ">=14.21.3"
            }
        },
        "node_modules/@cognigy/extension-tools": {
            "version": "0.16.5-rc5",
            "resolved": "https://registry.npmjs.org/@cognigy/extension-tools/-/extension-tools-0.16.5-rc5.tgz",
            "integrity": "sha512-u09ImAJKhJ/zKzWlV8Ij3sRGlhvVw/hZ8Jc5uDLos7Pt0+snmX+voETdkE8is+c5GpoZhU6eUhTSidHpmG5wDQ==",
            "license": "SEE LICENSE IN LICENSE"
        },
        "node_modules/@langchain/textsplitters": {
            "version": "0.0.3",
            "resolved": "https://registry.npmjs.org/@langchain/textsplitters/-/textsplitters-0.0.3.tgz",
            "integrity": "sha512-cXWgKE3sdWLSqAa8ykbCcUsUF1Kyr5J3HOWYGuobhPEycXW4WI++d5DhzdpL238mzoEXTi90VqfSCra37l5YqA==",
            "license": "MIT",
            "dependencies": {
                "@langchain/core": ">0.2.0 <0.3.0",
                "js-tiktoken": "^1.0.12"
            },
            "engines": {
                "node": ">=18"
            }
        },
        "node_modules/@langchain/textsplitters/node_modules/@langchain/core": {
            "version": "0.2.36",
            "resolved": "https://registry.npmjs.org/@langchain/core/-/core-0.2.36.tgz",
            "integrity": "sha512-qHLvScqERDeH7y2cLuJaSAlMwg3f/3Oc9nayRSXRU2UuaK/SOhI42cxiPLj1FnuHJSmN0rBQFkrLx02gI4mcVg==",
            "license": "MIT",
            "dependencies": {
                "ansi-styles": "^5.0.0",
                "camelcase": "6",
                "decamelize": "1.2.0",
                "js-tiktoken": "^1.0.12",
                "langsmith": "^0.1.56-rc.1",
                "mustache": "^4.2.0",
                "p-queue": "^6.6.2",
                "p-retry": "4",
                "uuid": "^10.0.0",
                "zod": "^3.22.4",
                "zod-to-json-schema": "^3.22.3"
            },
            "engines": {
                "node": ">=18"
            }
        },
        "node_modules/@langchain/textsplitters/node_modules/langsmith": {
            "version": "0.1.68",
            "resolved": "https://registry.npmjs.org/langsmith/-/langsmith-0.1.68.tgz",
            "integrity": "sha512-otmiysWtVAqzMx3CJ4PrtUBhWRG5Co8Z4o7hSZENPjlit9/j3/vm3TSvbaxpDYakZxtMjhkcJTqrdYFipISEiQ==",
            "license": "MIT",
            "dependencies": {
                "@types/uuid": "^10.0.0",
                "commander": "^10.0.1",
                "p-queue": "^6.6.2",
                "p-retry": "4",
                "semver": "^7.6.3",
                "uuid": "^10.0.0"
            },
            "peerDependencies": {
                "openai": "*"
            },
            "peerDependenciesMeta": {
                "openai": {
                    "optional": true
                }
            }
        },
        "node_modules/@mixmark-io/domino": {
            "version": "2.2.0",
            "resolved": "https://registry.npmjs.org/@mixmark-io/domino/-/domino-2.2.0.tgz",
            "integrity": "sha512-Y28PR25bHXUg88kCV7nivXrP2Nj2RueZ3/l/jdx6J9f8J4nsEGcgX0Qe6lt7Pa+J79+kPiJU3LguR6O/6zrLOw==",
            "license": "BSD-2-Clause"
        },
        "node_modules/@types/node": {
            "version": "24.3.0",
            "resolved": "https://registry.npmjs.org/@types/node/-/node-24.3.0.tgz",
            "integrity": "sha512-aPTXCrfwnDLj4VvXrm+UUCQjNEvJgNA8s5F1cvwQU+3KNltTOkBm1j30uNLyqqPNe7gE3KFzImYoZEfLhp4Yow==",
            "dev": true,
            "license": "MIT",
            "dependencies": {
                "undici-types": "~7.10.0"
            }
        },
        "node_modules/@types/retry": {
            "version": "0.12.0",
            "resolved": "https://registry.npmjs.org/@types/retry/-/retry-0.12.0.tgz",
            "integrity": "sha512-wWKOClTTiizcZhXnPY4wikVAwmdYHp8q6DmC+EJUzAMsycb7HB32Kh9RN4+0gExjmPmZSAQjgURXIGATPegAvA==",
            "license": "MIT"
        },
        "node_modules/@types/turndown": {
            "version": "5.0.5",
            "resolved": "https://registry.npmjs.org/@types/turndown/-/turndown-5.0.5.tgz",
            "integrity": "sha512-TL2IgGgc7B5j78rIccBtlYAnkuv8nUQqhQc+DSYV5j9Be9XOcm/SKOVRuA47xAVI3680Tk9B1d8flK2GWT2+4w==",
            "dev": true,
            "license": "MIT"
        },
        "node_modules/@types/uuid": {
            "version": "10.0.0",
            "resolved": "https://registry.npmjs.org/@types/uuid/-/uuid-10.0.0.tgz",
            "integrity": "sha512-7gqG38EyHgyP1S+7+xomFtL+ZNHcKv6DwNaCZmJmo1vgMugyF3TCnXVg4t1uk89mLNwnLtnY3TpOpCOyp1/xHQ==",
            "license": "MIT"
        },
        "node_modules/ansi-styles": {
            "version": "5.2.0",
            "resolved": "https://registry.npmjs.org/ansi-styles/-/ansi-styles-5.2.0.tgz",
            "integrity": "sha512-Cxwpt2SfTzTtXcfOlzGEee8O+c+MmUgGrNiBcXnuWxuFJHe6a5Hz7qwhwe5OgaSYI0IJvkLqWX1ASG+cJOkEiA==",
            "license": "MIT",
            "engines": {
                "node": ">=10"
            },
            "funding": {
                "url": "https://github.com/chalk/ansi-styles?sponsor=1"
            }
        },
        "node_modules/base64-js": {
            "version": "1.5.1",
            "resolved": "https://registry.npmjs.org/base64-js/-/base64-js-1.5.1.tgz",
            "integrity": "sha512-AKpaYlHn8t4SVbOHCy+b5+KKgvR4vrsD8vbvrbiQJps7fKDTkjkDry6ji0rUJjC0kzbNePLwzxq8iypo41qeWA==",
            "funding": [
                {
                    "type": "github",
                    "url": "https://github.com/sponsors/feross"
                },
                {
                    "type": "patreon",
                    "url": "https://www.patreon.com/feross"
                },
                {
                    "type": "consulting",
                    "url": "https://feross.org/support"
                }
            ],
            "license": "MIT"
        },
        "node_modules/camelcase": {
            "version": "6.3.0",
            "resolved": "https://registry.npmjs.org/camelcase/-/camelcase-6.3.0.tgz",
            "integrity": "sha512-Gmy6FhYlCY7uOElZUSbxo2UCDH8owEk996gkbrpsgGtrJLM3J7jGxl9Ic7Qwwj4ivOE5AWZWRMecDdF7hqGjFA==",
            "license": "MIT",
            "engines": {
                "node": ">=10"
            },
            "funding": {
                "url": "https://github.com/sponsors/sindresorhus"
            }
        },
        "node_modules/commander": {
            "version": "10.0.1",
            "resolved": "https://registry.npmjs.org/commander/-/commander-10.0.1.tgz",
            "integrity": "sha512-y4Mg2tXshplEbSGzx7amzPwKKOCGuoSRP/CjEdwwk0FOGlUbq6lKuoyDZTNZkmxHdJtp54hdfY/JUrdL7Xfdug==",
            "license": "MIT",
            "engines": {
                "node": ">=14"
            }
        },
        "node_modules/decamelize": {
            "version": "1.2.0",
            "resolved": "https://registry.npmjs.org/decamelize/-/decamelize-1.2.0.tgz",
            "integrity": "sha512-z2S+W9X73hAUUki+N+9Za2lBlun89zigOyGrsax+KUQ6wKW4ZoWpEYBkGhQjwAjjDCkWxhY0VKEhk8wzY7F5cA==",
            "license": "MIT",
            "engines": {
                "node": ">=0.10.0"
            }
        },
        "node_modules/eventemitter3": {
            "version": "4.0.7",
            "resolved": "https://registry.npmjs.org/eventemitter3/-/eventemitter3-4.0.7.tgz",
            "integrity": "sha512-8guHBZCwKnFhYdHr2ysuRWErTwhoN2X8XELRlrRwpmfeY2jjuUN4taQMsULKUVo1K4DvZl+0pgfyoysHxvmvEw==",
            "license": "MIT"
        },
        "node_modules/js-tiktoken": {
            "version": "1.0.21",
            "resolved": "https://registry.npmjs.org/js-tiktoken/-/js-tiktoken-1.0.21.tgz",
            "integrity": "sha512-biOj/6M5qdgx5TKjDnFT1ymSpM5tbd3ylwDtrQvFQSu0Z7bBYko2dF+W/aUkXUPuk6IVpRxk/3Q2sHOzGlS36g==",
            "license": "MIT",
            "dependencies": {
                "base64-js": "^1.5.1"
            }
        },
        "node_modules/mustache": {
            "version": "4.2.0",
            "resolved": "https://registry.npmjs.org/mustache/-/mustache-4.2.0.tgz",
            "integrity": "sha512-71ippSywq5Yb7/tVYyGbkBggbU8H3u5Rz56fH60jGFgr8uHwxs+aSKeqmluIVzM0m0kB7xQjKS6qPfd0b2ZoqQ==",
            "license": "MIT",
            "bin": {
                "mustache": "bin/mustache"
            }
        },
        "node_modules/p-finally": {
            "version": "1.0.0",
            "resolved": "https://registry.npmjs.org/p-finally/-/p-finally-1.0.0.tgz",
            "integrity": "sha512-LICb2p9CB7FS+0eR1oqWnHhp0FljGLZCWBE9aix0Uye9W8LTQPwMTYVGWQWIw9RdQiDg4+epXQODwIYJtSJaow==",
            "license": "MIT",
            "engines": {
                "node": ">=4"
            }
        },
        "node_modules/p-queue": {
            "version": "6.6.2",
            "resolved": "https://registry.npmjs.org/p-queue/-/p-queue-6.6.2.tgz",
            "integrity": "sha512-RwFpb72c/BhQLEXIZ5K2e+AhgNVmIejGlTgiB9MzZ0e93GRvqZ7uSi0dvRF7/XIXDeNkra2fNHBxTyPDGySpjQ==",
            "license": "MIT",
            "dependencies": {
                "eventemitter3": "^4.0.4",
                "p-timeout": "^3.2.0"
            },
            "engines": {
                "node": ">=8"
            },
            "funding": {
                "url": "https://github.com/sponsors/sindresorhus"
            }
        },
        "node_modules/p-retry": {
            "version": "4.6.2",
            "resolved": "https://registry.npmjs.org/p-retry/-/p-retry-4.6.2.tgz",
            "integrity": "sha512-312Id396EbJdvRONlngUx0NydfrIQ5lsYu0znKVUzVvArzEIt08V1qhtyESbGVd1FGX7UKtiFp5uwKZdM8wIuQ==",
            "license": "MIT",
            "dependencies": {
                "@types/retry": "0.12.0",
                "retry": "^0.13.1"
            },
            "engines": {
                "node": ">=8"
            }
        },
        "node_modules/p-timeout": {
            "version": "3.2.0",
            "resolved": "https://registry.npmjs.org/p-timeout/-/p-timeout-3.2.0.tgz",
            "integrity": "sha512-rhIwUycgwwKcP9yTOOFK/AKsAopjjCakVqLHePO3CC6Mir1Z99xT+R63jZxAT5lFZLa2inS5h+ZS2GvR99/FBg==",
            "license": "MIT",
            "dependencies": {
                "p-finally": "^1.0.0"
            },
            "engines": {
                "node": ">=8"
            }
        },
        "node_modules/retry": {
            "version": "0.13.1",
            "resolved": "https://registry.npmjs.org/retry/-/retry-0.13.1.tgz",
            "integrity": "sha512-XQBQ3I8W1Cge0Seh+6gjj03LbmRFWuoszgK9ooCpwYIrhhoO80pfq4cUkU5DkknwfOfFteRwlZ56PYOGYyFWdg==",
            "license": "MIT",
            "engines": {
                "node": ">= 4"
            }
        },
        "node_modules/semver": {
            "version": "7.7.2",
            "resolved": "https://registry.npmjs.org/semver/-/semver-7.7.2.tgz",
            "integrity": "sha512-RF0Fw+rO5AMf9MAyaRXI4AV0Ulj5lMHqVxxdSgiVbixSCXoEmmX/jk0CuJw4+3SqroYO9VoUh+HcuJivvtJemA==",
            "license": "ISC",
            "bin": {
                "semver": "bin/semver.js"
            },
            "engines": {
                "node": ">=10"
            }
        },
        "node_modules/turndown": {
            "version": "7.2.1",
            "resolved": "https://registry.npmjs.org/turndown/-/turndown-7.2.1.tgz",
            "integrity": "sha512-7YiPJw6rLClQL3oUKN3KgMaXeJJ2lAyZItclgKDurqnH61so4k4IH/qwmMva0zpuJc/FhRExBBnk7EbeFANlgQ==",
            "license": "MIT",
            "dependencies": {
                "@mixmark-io/domino": "^2.2.0"
            }
        },
        "node_modules/typescript": {
            "version": "5.9.2",
            "resolved": "https://registry.npmjs.org/typescript/-/typescript-5.9.2.tgz",
            "integrity": "sha512-CWBzXQrc/qOkhidw1OzBTQuYRbfyxDXJMVJ1XNwUHGROVmuaeiEm3OslpZ1RV96d7SKKjZKrSJu3+t/xlw3R9A==",
            "dev": true,
            "license": "Apache-2.0",
            "bin": {
                "tsc": "bin/tsc",
                "tsserver": "bin/tsserver"
            },
            "engines": {
                "node": ">=14.17"
            }
        },
        "node_modules/undici-types": {
            "version": "7.10.0",
            "resolved": "https://registry.npmjs.org/undici-types/-/undici-types-7.10.0.tgz",
            "integrity": "sha512-t5Fy/nfn+14LuOc2KNYg75vZqClpAiqscVvMygNnlsHBFpSXdJaYtXMcdNLpl/Qvc3P2cB3s6lOV51nqsFq4ag==",
            "dev": true,
            "license": "MIT"
        },
        "node_modules/uuid": {
            "version": "10.0.0",
            "resolved": "https://registry.npmjs.org/uuid/-/uuid-10.0.0.tgz",
            "integrity": "sha512-8XkAphELsDnEGrDxUOHB3RGvXz6TeuYSGEZBOjtTtPm2lwhGBjLgOzLHB63IUWfBpNucQjND6d3AOudO+H3RWQ==",
            "funding": [
                "https://github.com/sponsors/broofa",
                "https://github.com/sponsors/ctavan"
            ],
            "license": "MIT",
            "bin": {
                "uuid": "dist/bin/uuid"
            }
        },
        "node_modules/zod": {
            "version": "3.25.76",
            "resolved": "https://registry.npmjs.org/zod/-/zod-3.25.76.tgz",
            "integrity": "sha512-gzUt/qt81nXsFGKIFcC3YnfEAx5NkunCfnDlvuBSSFS02bcXu4Lmea0AFIUwbLWxWPx3d9p8S5QoaujKcNQxcQ==",
            "license": "MIT",
            "funding": {
                "url": "https://github.com/sponsors/colinhacks"
            }
        },
        "node_modules/zod-to-json-schema": {
            "version": "3.24.6",
            "resolved": "https://registry.npmjs.org/zod-to-json-schema/-/zod-to-json-schema-3.24.6.tgz",
            "integrity": "sha512-h/z3PKvcTcTetyjl1fkj79MHNEjm+HpD6NXheWjzOekY7kV+lwDYnHw+ivHkijnCSMz1yJaWBD9vu/Fcmk+vEg==",
            "license": "ISC",
            "peerDependencies": {
                "zod": "^3.24.1"
            }
        }
    }
}
